
Microsoft Visual Studio Solution File, Format Version 12.00
# Visual Studio Version 17
VisualStudioVersion = 17.3.32922.545
MinimumVisualStudioVersion = 10.0.40219.1
Project("{FAE04EC0-301F-11D3-BF4B-00C04F79EFBC}") = "Kalkulator", "Kalkulator\Kalkulator.csproj", "{19F17E01-BC56-4140-9D45-9D939CE57951}"
EndProject
Project("{FAE04EC0-301F-11D3-BF4B-00C04F79EFBC}") = "Interfejs_Dodawania_Studenta", "Interfejs_Dodawania_Studenta\Interfejs_Dodawania_Studenta.csproj", "{89CEC7CC-BFE0-4D31-8B5B-EC7084D83A10}"
EndProject
Global
	GlobalSection(SolutionConfigurationPlatforms) = preSolution
		Debug|Any CPU = Debug|Any CPU
		Release|Any CPU = Release|Any CPU
	EndGlobalSection
	GlobalSection(ProjectConfigurationPlatforms) = postSolution
		{19F17E01-BC56-4140-9D45-9D939CE57951}.Debug|Any CPU.ActiveCfg = Debug|Any CPU
		{19F17E01-BC56-4140-9D45-9D939CE57951}.Debug|Any CPU.Build.0 = Debug|Any CPU
		{19F17E01-BC56-4140-9D45-9D939CE57951}.Release|Any CPU.ActiveCfg = Release|Any CPU
		{19F17E01-BC56-4140-9D45-9D939CE57951}.Release|Any CPU.Build.0 = Release|Any CPU
		{89CEC7CC-BFE0-4D31-8B5B-EC7084D83A10}.Debug|Any CPU.ActiveCfg = Debug|Any CPU
		{89CEC7CC-BFE0-4D31-8B5B-EC7084D83A10}.Debug|Any CPU.Build.0 = Debug|Any CPU
		{89CEC7CC-BFE0-4D31-8B5B-EC7084D83A10}.Release|Any CPU.ActiveCfg = Release|Any CPU
		{89CEC7CC-BFE0-4D31-8B5B-EC7084D83A10}.Release|Any CPU.Build.0 = Release|Any CPU
	EndGlobalSection
	GlobalSection(SolutionProperties) = preSolution
		HideSolutionNode = FALSE
	EndGlobalSection
	GlobalSection(ExtensibilityGlobals) = postSolution
		SolutionGuid = {C9D39F9F-5998-44C3-B1BC-480926958D3E}
	EndGlobalSection
EndGlobal
