
Microsoft Visual Studio Solution File, Format Version 12.00
# Visual Studio Version 17
VisualStudioVersion = 17.4.33110.190
MinimumVisualStudioVersion = 10.0.40219.1
Project("{FAE04EC0-301F-11D3-BF4B-00C04F79EFBC}") = "Lista_6", "Lista_6\Lista_6.csproj", "{6E14F9D7-6C04-435C-812F-C44E2EDF6556}"
EndProject
Global
	GlobalSection(SolutionConfigurationPlatforms) = preSolution
		Debug|Any CPU = Debug|Any CPU
		Release|Any CPU = Release|Any CPU
	EndGlobalSection
	GlobalSection(ProjectConfigurationPlatforms) = postSolution
		{6E14F9D7-6C04-435C-812F-C44E2EDF6556}.Debug|Any CPU.ActiveCfg = Debug|Any CPU
		{6E14F9D7-6C04-435C-812F-C44E2EDF6556}.Debug|Any CPU.Build.0 = Debug|Any CPU
		{6E14F9D7-6C04-435C-812F-C44E2EDF6556}.Release|Any CPU.ActiveCfg = Release|Any CPU
		{6E14F9D7-6C04-435C-812F-C44E2EDF6556}.Release|Any CPU.Build.0 = Release|Any CPU
	EndGlobalSection
	GlobalSection(SolutionProperties) = preSolution
		HideSolutionNode = FALSE
	EndGlobalSection
	GlobalSection(ExtensibilityGlobals) = postSolution
		SolutionGuid = {645BD263-8CAF-40FA-99B0-7F993E2B89A9}
	EndGlobalSection
EndGlobal
